
Microsoft Visual Studio Solution File, Format Version 12.00
# Visual Studio Version 16
VisualStudioVersion = 16.0.31129.286
MinimumVisualStudioVersion = 10.0.40219.1
Project("{FAE04EC0-301F-11D3-BF4B-00C04F79EFBC}") = "SimpleWebApi", "SimpleWebApi\SimpleWebApi.csproj", "{3DB3DBF2-0ABD-4831-85C0-6C36CC53D511}"
EndProject
Global
	GlobalSection(SolutionConfigurationPlatforms) = preSolution
		Debug|Any CPU = Debug|Any CPU
		Release|Any CPU = Release|Any CPU
	EndGlobalSection
	GlobalSection(ProjectConfigurationPlatforms) = postSolution
		{3DB3DBF2-0ABD-4831-85C0-6C36CC53D511}.Debug|Any CPU.ActiveCfg = Debug|Any CPU
		{3DB3DBF2-0ABD-4831-85C0-6C36CC53D511}.Debug|Any CPU.Build.0 = Debug|Any CPU
		{3DB3DBF2-0ABD-4831-85C0-6C36CC53D511}.Release|Any CPU.ActiveCfg = Release|Any CPU
		{3DB3DBF2-0ABD-4831-85C0-6C36CC53D511}.Release|Any CPU.Build.0 = Release|Any CPU
	EndGlobalSection
	GlobalSection(SolutionProperties) = preSolution
		HideSolutionNode = FALSE
	EndGlobalSection
	GlobalSection(ExtensibilityGlobals) = postSolution
		SolutionGuid = {FA36DB7C-69BF-4AC5-9D26-06242B825A1E}
	EndGlobalSection
EndGlobal
