
Microsoft Visual Studio Solution File, Format Version 12.00
# Visual Studio Version 16
VisualStudioVersion = 16.0.31129.286
MinimumVisualStudioVersion = 10.0.40219.1
Project("{FAE04EC0-301F-11D3-BF4B-00C04F79EFBC}") = "WebApi", "WebApi\WebApi.csproj", "{B96E3862-56DD-4886-BE76-32646E99146A}"
EndProject
Global
	GlobalSection(SolutionConfigurationPlatforms) = preSolution
		Debug|Any CPU = Debug|Any CPU
		Release|Any CPU = Release|Any CPU
	EndGlobalSection
	GlobalSection(ProjectConfigurationPlatforms) = postSolution
		{B96E3862-56DD-4886-BE76-32646E99146A}.Debug|Any CPU.ActiveCfg = Debug|Any CPU
		{B96E3862-56DD-4886-BE76-32646E99146A}.Debug|Any CPU.Build.0 = Debug|Any CPU
		{B96E3862-56DD-4886-BE76-32646E99146A}.Release|Any CPU.ActiveCfg = Release|Any CPU
		{B96E3862-56DD-4886-BE76-32646E99146A}.Release|Any CPU.Build.0 = Release|Any CPU
	EndGlobalSection
	GlobalSection(SolutionProperties) = preSolution
		HideSolutionNode = FALSE
	EndGlobalSection
	GlobalSection(ExtensibilityGlobals) = postSolution
		SolutionGuid = {4527415C-3BB8-4466-9829-32EEDFDFBC81}
	EndGlobalSection
EndGlobal
